
Microsoft Visual Studio Solution File, Format Version 12.00
# Visual Studio Version 16
VisualStudioVersion = 16.0.30907.101
MinimumVisualStudioVersion = 10.0.40219.1
Project("{FAE04EC0-301F-11D3-BF4B-00C04F79EFBC}") = "Chat", "Chat\Chat.csproj", "{36990F8E-EEDB-4769-BBEB-0B16D2505F08}"
EndProject
Global
	GlobalSection(SolutionConfigurationPlatforms) = preSolution
		Debug|Any CPU = Debug|Any CPU
		Release|Any CPU = Release|Any CPU
	EndGlobalSection
	GlobalSection(ProjectConfigurationPlatforms) = postSolution
		{36990F8E-EEDB-4769-BBEB-0B16D2505F08}.Debug|Any CPU.ActiveCfg = Debug|Any CPU
		{36990F8E-EEDB-4769-BBEB-0B16D2505F08}.Debug|Any CPU.Build.0 = Debug|Any CPU
		{36990F8E-EEDB-4769-BBEB-0B16D2505F08}.Release|Any CPU.ActiveCfg = Release|Any CPU
		{36990F8E-EEDB-4769-BBEB-0B16D2505F08}.Release|Any CPU.Build.0 = Release|Any CPU
	EndGlobalSection
	GlobalSection(SolutionProperties) = preSolution
		HideSolutionNode = FALSE
	EndGlobalSection
	GlobalSection(ExtensibilityGlobals) = postSolution
		SolutionGuid = {DABB9A74-F23B-43D7-9C9E-7E6BB25B0AA3}
	EndGlobalSection
EndGlobal
